
Microsoft Visual Studio Solution File, Format Version 12.00
# Visual Studio Version 16
VisualStudioVersion = 16.0.30223.230
MinimumVisualStudioVersion = 10.0.40219.1
Project("{FAE04EC0-301F-11D3-BF4B-00C04F79EFBC}") = "PythagorasSharp", "PythagorasSharp\PythagorasSharp.csproj", "{4833648A-0447-48CB-8B79-BCA5F7E46CD7}"
EndProject
Global
	GlobalSection(SolutionConfigurationPlatforms) = preSolution
		Debug|Any CPU = Debug|Any CPU
		Release|Any CPU = Release|Any CPU
	EndGlobalSection
	GlobalSection(ProjectConfigurationPlatforms) = postSolution
		{4833648A-0447-48CB-8B79-BCA5F7E46CD7}.Debug|Any CPU.ActiveCfg = Debug|Any CPU
		{4833648A-0447-48CB-8B79-BCA5F7E46CD7}.Debug|Any CPU.Build.0 = Debug|Any CPU
		{4833648A-0447-48CB-8B79-BCA5F7E46CD7}.Release|Any CPU.ActiveCfg = Release|Any CPU
		{4833648A-0447-48CB-8B79-BCA5F7E46CD7}.Release|Any CPU.Build.0 = Release|Any CPU
	EndGlobalSection
	GlobalSection(SolutionProperties) = preSolution
		HideSolutionNode = FALSE
	EndGlobalSection
	GlobalSection(ExtensibilityGlobals) = postSolution
		SolutionGuid = {0D730C82-D7A2-4EF9-864B-6F75C3DE02CC}
	EndGlobalSection
EndGlobal
